
Microsoft Visual Studio Solution File, Format Version 12.00
# Visual Studio 14
VisualStudioVersion = 14.0.24720.0
MinimumVisualStudioVersion = 10.0.40219.1
Project("{2150E333-8FDC-42A3-9474-1A3956D46DE8}") = "src", "src", "{1429B20A-6AA0-4CDF-BBE0-83240B98C5A0}"
EndProject
Project("{2150E333-8FDC-42A3-9474-1A3956D46DE8}") = "Solution Items", "Solution Items", "{7F3F73C9-8D10-468A-8201-D49B01D734D5}"
	ProjectSection(SolutionItems) = preProject
		global.json = global.json
	EndProjectSection
EndProject
Project("{8BB2217D-0F2D-49D1-97BC-3654ED321F3B}") = "ForumTriage-Web", "src\ForumTriage-Web\ForumTriage-Web.xproj", "{3B6AA0B2-AECD-49D8-B94A-C0F428C28030}"
EndProject
Global
	GlobalSection(SolutionConfigurationPlatforms) = preSolution
		Debug|Any CPU = Debug|Any CPU
		Release|Any CPU = Release|Any CPU
	EndGlobalSection
	GlobalSection(ProjectConfigurationPlatforms) = postSolution
		{3B6AA0B2-AECD-49D8-B94A-C0F428C28030}.Debug|Any CPU.ActiveCfg = Debug|Any CPU
		{3B6AA0B2-AECD-49D8-B94A-C0F428C28030}.Debug|Any CPU.Build.0 = Debug|Any CPU
		{3B6AA0B2-AECD-49D8-B94A-C0F428C28030}.Release|Any CPU.ActiveCfg = Release|Any CPU
		{3B6AA0B2-AECD-49D8-B94A-C0F428C28030}.Release|Any CPU.Build.0 = Release|Any CPU
	EndGlobalSection
	GlobalSection(SolutionProperties) = preSolution
		HideSolutionNode = FALSE
	EndGlobalSection
	GlobalSection(NestedProjects) = preSolution
		{3B6AA0B2-AECD-49D8-B94A-C0F428C28030} = {1429B20A-6AA0-4CDF-BBE0-83240B98C5A0}
	EndGlobalSection
EndGlobal
